
Microsoft Visual Studio Solution File, Format Version 12.00
# Visual Studio Version 17
VisualStudioVersion = 17.1.32210.238
MinimumVisualStudioVersion = 10.0.40219.1
Project("{FAE04EC0-301F-11D3-BF4B-00C04F79EFBC}") = "MvccoreStyle", "MvccoreStyle\MvccoreStyle.csproj", "{CCEF2416-4237-4DA2-A3EF-1F822A837F63}"
EndProject
Global
	GlobalSection(SolutionConfigurationPlatforms) = preSolution
		Debug|Any CPU = Debug|Any CPU
		Release|Any CPU = Release|Any CPU
	EndGlobalSection
	GlobalSection(ProjectConfigurationPlatforms) = postSolution
		{CCEF2416-4237-4DA2-A3EF-1F822A837F63}.Debug|Any CPU.ActiveCfg = Debug|Any CPU
		{CCEF2416-4237-4DA2-A3EF-1F822A837F63}.Debug|Any CPU.Build.0 = Debug|Any CPU
		{CCEF2416-4237-4DA2-A3EF-1F822A837F63}.Release|Any CPU.ActiveCfg = Release|Any CPU
		{CCEF2416-4237-4DA2-A3EF-1F822A837F63}.Release|Any CPU.Build.0 = Release|Any CPU
	EndGlobalSection
	GlobalSection(SolutionProperties) = preSolution
		HideSolutionNode = FALSE
	EndGlobalSection
	GlobalSection(ExtensibilityGlobals) = postSolution
		SolutionGuid = {B5EEB3FB-FC15-4867-B3CA-5D656B33A3EA}
	EndGlobalSection
EndGlobal
